
Microsoft Visual Studio Solution File, Format Version 12.00
# Visual Studio Version 16
VisualStudioVersion = 16.0.30709.64
MinimumVisualStudioVersion = 10.0.40219.1
Project("{FAE04EC0-301F-11D3-BF4B-00C04F79EFBC}") = "BlazorAppState", "BlazorAppState\BlazorAppState.csproj", "{16320C56-E2EB-42E8-92D1-5C0FCBB94640}"
EndProject
Global
	GlobalSection(SolutionConfigurationPlatforms) = preSolution
		Debug|Any CPU = Debug|Any CPU
		Release|Any CPU = Release|Any CPU
	EndGlobalSection
	GlobalSection(ProjectConfigurationPlatforms) = postSolution
		{16320C56-E2EB-42E8-92D1-5C0FCBB94640}.Debug|Any CPU.ActiveCfg = Debug|Any CPU
		{16320C56-E2EB-42E8-92D1-5C0FCBB94640}.Debug|Any CPU.Build.0 = Debug|Any CPU
		{16320C56-E2EB-42E8-92D1-5C0FCBB94640}.Release|Any CPU.ActiveCfg = Release|Any CPU
		{16320C56-E2EB-42E8-92D1-5C0FCBB94640}.Release|Any CPU.Build.0 = Release|Any CPU
	EndGlobalSection
	GlobalSection(SolutionProperties) = preSolution
		HideSolutionNode = FALSE
	EndGlobalSection
	GlobalSection(ExtensibilityGlobals) = postSolution
		SolutionGuid = {CF57703F-78F9-478C-9A16-70A938990E92}
	EndGlobalSection
EndGlobal
